PODS:
  - AvatarGroup/Core (0.2.2):
    - SnapKit (~> 5)
  - AvatarGroup/Kingfisher (0.2.2):
    - AvatarGroup/Core
    - Kingfisher (~> 5)
    - SnapKit (~> 5)
  - AvatarGroup/Rx (0.2.2):
    - AvatarGroup/Core
    - RxCocoa (~> 5)
    - SnapKit (~> 5)
  - AvatarGroup/RxKingfisher (0.2.2):
    - AvatarGroup/Kingfisher
    - AvatarGroup/Rx
    - SnapKit (~> 5)
  - Kingfisher (5.7.0)
  - RxCocoa (5.0.0):
    - RxRelay (~> 5)
    - RxSwift (~> 5)
  - RxRelay (5.0.0):
    - RxSwift (~> 5)
  - RxSwift (5.0.0)
  - SnapKit (5.0.0)

DEPENDENCIES:
  - AvatarGroup/RxKingfisher (from `../`)
  - SnapKit

SPEC REPOS:
  https://github.com/cocoapods/specs.git:
    - Kingfisher
    - RxCocoa
    - RxRelay
    - RxSwift
    - SnapKit

EXTERNAL SOURCES:
  AvatarGroup:
    :path: "../"

SPEC CHECKSUMS:
  AvatarGroup: 48445b1a1f3d985fbccf00b5f140fb5e31fe92b2
  Kingfisher: c7d211b54f1f30d8060aadab177d52b4349c825b
  RxCocoa: fcf32050ac00d801f34a7f71d5e8e7f23026dcd8
  RxRelay: 4f7409406a51a55cd88483f21ed898c234d60f18
  RxSwift: 8b0671caa829a763bbce7271095859121cbd895f
  SnapKit: fd22d10eb9aff484d79a8724eab922c1ddf89bcf

PODFILE CHECKSUM: a55ab365440dc673ae60a62b1986f71ca1e6463f

COCOAPODS: 1.7.5
